
Microsoft Visual Studio Solution File, Format Version 12.00
# Visual Studio Version 16
VisualStudioVersion = 16.0.30330.147
MinimumVisualStudioVersion = 10.0.40219.1
Project("{FAE04EC0-301F-11D3-BF4B-00C04F79EFBC}") = "Obligatorisk_02", "Obligatorisk_02\Obligatorisk_02.csproj", "{5D3B5B3D-5C37-4841-9213-1B684DCECC49}"
EndProject
Global
	GlobalSection(SolutionConfigurationPlatforms) = preSolution
		Debug|Any CPU = Debug|Any CPU
		Release|Any CPU = Release|Any CPU
	EndGlobalSection
	GlobalSection(ProjectConfigurationPlatforms) = postSolution
		{5D3B5B3D-5C37-4841-9213-1B684DCECC49}.Debug|Any CPU.ActiveCfg = Debug|Any CPU
		{5D3B5B3D-5C37-4841-9213-1B684DCECC49}.Debug|Any CPU.Build.0 = Debug|Any CPU
		{5D3B5B3D-5C37-4841-9213-1B684DCECC49}.Release|Any CPU.ActiveCfg = Release|Any CPU
		{5D3B5B3D-5C37-4841-9213-1B684DCECC49}.Release|Any CPU.Build.0 = Release|Any CPU
	EndGlobalSection
	GlobalSection(SolutionProperties) = preSolution
		HideSolutionNode = FALSE
	EndGlobalSection
	GlobalSection(ExtensibilityGlobals) = postSolution
		SolutionGuid = {C42C4A32-3EFA-4B6F-AD50-FF95665C413E}
	EndGlobalSection
EndGlobal
